
Microsoft Visual Studio Solution File, Format Version 12.00
# Visual Studio 2013
VisualStudioVersion = 12.0.21005.1
MinimumVisualStudioVersion = 10.0.40219.1
Project("{FAE04EC0-301F-11D3-BF4B-00C04F79EFBC}") = "Q1451", "Q1451\Q1451.csproj", "{B573453C-1DA7-49A3-A99E-47B75A5E62BF}"
EndProject
Project("{FAE04EC0-301F-11D3-BF4B-00C04F79EFBC}") = "Q2966", "Q2966\Q2966.csproj", "{06666926-3033-4EB8-97E2-76F5930D60BB}"
EndProject
Project("{FAE04EC0-301F-11D3-BF4B-00C04F79EFBC}") = "Q1072", "Q1072\Q1072.csproj", "{AEB5A9FA-EDC6-4ADF-BD89-3018AC83DC3A}"
EndProject
Project("{FAE04EC0-301F-11D3-BF4B-00C04F79EFBC}") = "Q11057", "Q11057\Q11057.csproj", "{2D26544A-172D-4E91-ACC7-32263007B4B6}"
EndProject
Project("{FAE04EC0-301F-11D3-BF4B-00C04F79EFBC}") = "Q2156", "Q2156\Q2156.csproj", "{7C1C520A-676E-46B8-BA01-42AF34338998}"
EndProject
Project("{FAE04EC0-301F-11D3-BF4B-00C04F79EFBC}") = "Q10844", "Q10844\Q10844.csproj", "{1FDABCA1-4866-4C38-986D-5C4617E4E08F}"
EndProject
Project("{FAE04EC0-301F-11D3-BF4B-00C04F79EFBC}") = "Q12100", "Q12100\Q12100.csproj", "{17A34DED-CEA5-46A4-B3B0-60A0A3725D01}"
EndProject
Global
	GlobalSection(SolutionConfigurationPlatforms) = preSolution
		Debug|Any CPU = Debug|Any CPU
		Release|Any CPU = Release|Any CPU
	EndGlobalSection
	GlobalSection(ProjectConfigurationPlatforms) = postSolution
		{B573453C-1DA7-49A3-A99E-47B75A5E62BF}.Debug|Any CPU.ActiveCfg = Debug|Any CPU
		{B573453C-1DA7-49A3-A99E-47B75A5E62BF}.Debug|Any CPU.Build.0 = Debug|Any CPU
		{B573453C-1DA7-49A3-A99E-47B75A5E62BF}.Release|Any CPU.ActiveCfg = Release|Any CPU
		{B573453C-1DA7-49A3-A99E-47B75A5E62BF}.Release|Any CPU.Build.0 = Release|Any CPU
		{06666926-3033-4EB8-97E2-76F5930D60BB}.Debug|Any CPU.ActiveCfg = Debug|Any CPU
		{06666926-3033-4EB8-97E2-76F5930D60BB}.Debug|Any CPU.Build.0 = Debug|Any CPU
		{06666926-3033-4EB8-97E2-76F5930D60BB}.Release|Any CPU.ActiveCfg = Release|Any CPU
		{06666926-3033-4EB8-97E2-76F5930D60BB}.Release|Any CPU.Build.0 = Release|Any CPU
		{AEB5A9FA-EDC6-4ADF-BD89-3018AC83DC3A}.Debug|Any CPU.ActiveCfg = Debug|Any CPU
		{AEB5A9FA-EDC6-4ADF-BD89-3018AC83DC3A}.Debug|Any CPU.Build.0 = Debug|Any CPU
		{AEB5A9FA-EDC6-4ADF-BD89-3018AC83DC3A}.Release|Any CPU.ActiveCfg = Release|Any CPU
		{AEB5A9FA-EDC6-4ADF-BD89-3018AC83DC3A}.Release|Any CPU.Build.0 = Release|Any CPU
		{2D26544A-172D-4E91-ACC7-32263007B4B6}.Debug|Any CPU.ActiveCfg = Debug|Any CPU
		{2D26544A-172D-4E91-ACC7-32263007B4B6}.Debug|Any CPU.Build.0 = Debug|Any CPU
		{2D26544A-172D-4E91-ACC7-32263007B4B6}.Release|Any CPU.ActiveCfg = Release|Any CPU
		{2D26544A-172D-4E91-ACC7-32263007B4B6}.Release|Any CPU.Build.0 = Release|Any CPU
		{7C1C520A-676E-46B8-BA01-42AF34338998}.Debug|Any CPU.ActiveCfg = Debug|Any CPU
		{7C1C520A-676E-46B8-BA01-42AF34338998}.Debug|Any CPU.Build.0 = Debug|Any CPU
		{7C1C520A-676E-46B8-BA01-42AF34338998}.Release|Any CPU.ActiveCfg = Release|Any CPU
		{7C1C520A-676E-46B8-BA01-42AF34338998}.Release|Any CPU.Build.0 = Release|Any CPU
		{1FDABCA1-4866-4C38-986D-5C4617E4E08F}.Debug|Any CPU.ActiveCfg = Debug|Any CPU
		{1FDABCA1-4866-4C38-986D-5C4617E4E08F}.Debug|Any CPU.Build.0 = Debug|Any CPU
		{1FDABCA1-4866-4C38-986D-5C4617E4E08F}.Release|Any CPU.ActiveCfg = Release|Any CPU
		{1FDABCA1-4866-4C38-986D-5C4617E4E08F}.Release|Any CPU.Build.0 = Release|Any CPU
		{17A34DED-CEA5-46A4-B3B0-60A0A3725D01}.Debug|Any CPU.ActiveCfg = Debug|Any CPU
		{17A34DED-CEA5-46A4-B3B0-60A0A3725D01}.Debug|Any CPU.Build.0 = Debug|Any CPU
		{17A34DED-CEA5-46A4-B3B0-60A0A3725D01}.Release|Any CPU.ActiveCfg = Release|Any CPU
		{17A34DED-CEA5-46A4-B3B0-60A0A3725D01}.Release|Any CPU.Build.0 = Release|Any CPU
	EndGlobalSection
	GlobalSection(SolutionProperties) = preSolution
		HideSolutionNode = FALSE
	EndGlobalSection
	GlobalSection(ExtensibilityGlobals) = postSolution
		SolutionGuid = {E37A573B-B587-491B-BB03-56D36F743B13}
	EndGlobalSection
EndGlobal
